
Microsoft Visual Studio Solution File, Format Version 12.00
# Visual Studio Version 17
VisualStudioVersion = 17.10.35027.167
MinimumVisualStudioVersion = 10.0.40219.1
Project("{9A19103F-16F7-4668-BE54-9A1E7A4F7556}") = "CAFacebook", "CAFacebook\CAFacebook.csproj", "{2AB458BA-211A-4BE6-AFAA-69FA246A4604}"
EndProject
Global
	GlobalSection(SolutionConfigurationPlatforms) = preSolution
		Debug|Any CPU = Debug|Any CPU
		Release|Any CPU = Release|Any CPU
	EndGlobalSection
	GlobalSection(ProjectConfigurationPlatforms) = postSolution
		{2AB458BA-211A-4BE6-AFAA-69FA246A4604}.Debug|Any CPU.ActiveCfg = Debug|Any CPU
		{2AB458BA-211A-4BE6-AFAA-69FA246A4604}.Debug|Any CPU.Build.0 = Debug|Any CPU
		{2AB458BA-211A-4BE6-AFAA-69FA246A4604}.Release|Any CPU.ActiveCfg = Release|Any CPU
		{2AB458BA-211A-4BE6-AFAA-69FA246A4604}.Release|Any CPU.Build.0 = Release|Any CPU
	EndGlobalSection
	GlobalSection(SolutionProperties) = preSolution
		HideSolutionNode = FALSE
	EndGlobalSection
	GlobalSection(ExtensibilityGlobals) = postSolution
		SolutionGuid = {92631208-17EA-4909-8185-3AB9D71F2551}
	EndGlobalSection
EndGlobal
